// !$*UTF8*$!
{
	archiveVersion = 1;
	classes = {
	};
	objectVersion = 48;
	objects = {

/* Begin PBXBuildFile section */
		3C0E737920C44EFE00CE9EB4 /* ViewControllerDetail.swift in Sources */ = {isa = PBXBuildFile; fileRef = 3C0E737820C44EFE00CE9EB4 /* ViewControllerDetail.swift */; };
		3C48C16920C1810E0032E988 /* VilloStop.swift in Sources */ = {isa = PBXBuildFile; fileRef = 3C48C16820C1810E0032E988 /* VilloStop.swift */; };
		3C48C16B20C1898A0032E988 /* Pin.swift in Sources */ = {isa = PBXBuildFile; fileRef = 3C48C16A20C1898A0032E988 /* Pin.swift */; };
		3CA04CD120C176CB000D4FAD /* AppDelegate.swift in Sources */ = {isa = PBXBuildFile; fileRef = 3CA04CD020C176CB000D4FAD /* AppDelegate.swift */; };
		3CA04CD320C176CB000D4FAD /* ViewController.swift in Sources */ = {isa = PBXBuildFile; fileRef = 3CA04CD220C176CB000D4FAD /* ViewController.swift */; };
		3CA04CD620C176CB000D4FAD /* Main.storyboard in Resources */ = {isa = PBXBuildFile; fileRef = 3CA04CD420C176CB000D4FAD /* Main.storyboard */; };
		3CA04CD920C176CB000D4FAD /* werkstuk2.xcdatamodeld in Sources */ = {isa = PBXBuildFile; fileRef = 3CA04CD720C176CB000D4FAD /* werkstuk2.xcdatamodeld */; };
		3CA04CDB20C176CB000D4FAD /* Assets.xcassets in Resources */ = {isa = PBXBuildFile; fileRef = 3CA04CDA20C176CB000D4FAD /* Assets.xcassets */; };
		3CA04CDE20C176CB000D4FAD /* LaunchScreen.storyboard in Resources */ = {isa = PBXBuildFile; fileRef = 3CA04CDC20C176CB000D4FAD /* LaunchScreen.storyboard */; };
		3CA04CE920C176CC000D4FAD /* werkstuk2Tests.swift in Sources */ = {isa = PBXBuildFile; fileRef = 3CA04CE820C176CC000D4FAD /* werkstuk2Tests.swift */; };
		3CA04CF420C176CC000D4FAD /* werkstuk2UITests.swift in Sources */ = {isa = PBXBuildFile; fileRef = 3CA04CF320C176CC000D4FAD /* werkstuk2UITests.swift */; };
/* End PBXBuildFile section */

/* Begin PBXContainerItemProxy section */
		3CA04CE520C176CC000D4FAD /* PBXContainerItemProxy */ = {
			isa = PBXContainerItemProxy;
			containerPortal = 3CA04CC520C176CB000D4FAD /* Project object */;
			proxyType = 1;
			remoteGlobalIDString = 3CA04CCC20C176CB000D4FAD;
			remoteInfo = werkstuk2;
		};
		3CA04CF020C176CC000D4FAD /* PBXContainerItemProxy */ = {
			isa = PBXContainerItemProxy;
			containerPortal = 3CA04CC520C176CB000D4FAD /* Project object */;
			proxyType = 1;
			remoteGlobalIDString = 3CA04CCC20C176CB000D4FAD;
			remoteInfo = werkstuk2;
		};
/* End PBXContainerItemProxy section */

/* Begin PBXFileReference section */
		3C0E737820C44EFE00CE9EB4 /* ViewControllerDetail.swift */ = {isa = PBXFileReference; lastKnownFileType = sourcecode.swift; path = ViewControllerDetail.swift; sourceTree = "<group>"; };
		3C48C16820C1810E0032E988 /* VilloStop.swift */ = {isa = PBXFileReference; lastKnownFileType = sourcecode.swift; path = VilloStop.swift; sourceTree = "<group>"; };
		3C48C16A20C1898A0032E988 /* Pin.swift */ = {isa = PBXFileReference; lastKnownFileType = sourcecode.swift; path = Pin.swift; sourceTree = "<group>"; };
		3CA04CCD20C176CB000D4FAD /* werkstuk2.app */ = {isa = PBXFileReference; explicitFileType = wrapper.application; includeInIndex = 0; path = werkstuk2.app; sourceTree = BUILT_PRODUCTS_DIR; };
		3CA04CD020C176CB000D4FAD /* AppDelegate.swift */ = {isa = PBXFileReference; lastKnownFileType = sourcecode.swift; path = AppDelegate.swift; sourceTree = "<group>"; };
		3CA04CD220C176CB000D4FAD /* ViewController.swift */ = {isa = PBXFileReference; lastKnownFileType = sourcecode.swift; path = ViewController.swift; sourceTree = "<group>"; };
		3CA04CD520C176CB000D4FAD /* Base */ = {isa = PBXFileReference; lastKnownFileType = file.storyboard; name = Base; path = Base.lproj/Main.storyboard; sourceTree = "<group>"; };
		3CA04CD820C176CB000D4FAD /* werkstuk2.xcdatamodel */ = {isa = PBXFileReference; lastKnownFileType = wrapper.xcdatamodel; path = werkstuk2.xcdatamodel; sourceTree = "<group>"; };
		3CA04CDA20C176CB000D4FAD /* Assets.xcassets */ = {isa = PBXFileReference; lastKnownFileType = folder.assetcatalog; path = Assets.xcassets; sourceTree = "<group>"; };
		3CA04CDD20C176CB000D4FAD /* Base */ = {isa = PBXFileReference; lastKnownFileType = file.storyboard; name = Base; path = Base.lproj/LaunchScreen.storyboard; sourceTree = "<group>"; };
		3CA04CDF20C176CB000D4FAD /* Info.plist */ = {isa = PBXFileReference; lastKnownFileType = text.plist.xml; path = Info.plist; sourceTree = "<group>"; };
		3CA04CE420C176CC000D4FAD /* werkstuk2Tests.xctest */ = {isa = PBXFileReference; explicitFileType = wrapper.cfbundle; includeInIndex = 0; path = werkstuk2Tests.xctest; sourceTree = BUILT_PRODUCTS_DIR; };
		3CA04CE820C176CC000D4FAD /* werkstuk2Tests.swift */ = {isa = PBXFileReference; lastKnownFileType = sourcecode.swift; path = werkstuk2Tests.swift; sourceTree = "<group>"; };
		3CA04CEA20C176CC000D4FAD /* Info.plist */ = {isa = PBXFileReference; lastKnownFileType = text.plist.xml; path = Info.plist; sourceTree = "<group>"; };
		3CA04CEF20C176CC000D4FAD /* werkstuk2UITests.xctest */ = {isa = PBXFileReference; explicitFileType = wrapper.cfbundle; includeInIndex = 0; path = werkstuk2UITests.xctest; sourceTree = BUILT_PRODUCTS_DIR; };
		3CA04CF320C176CC000D4FAD /* werkstuk2UITests.swift */ = {isa = PBXFileReference; lastKnownFileType = sourcecode.swift; path = werkstuk2UITests.swift; sourceTree = "<group>"; };
		3CA04CF520C176CC000D4FAD /* Info.plist */ = {isa = PBXFileReference; lastKnownFileType = text.plist.xml; path = Info.plist; sourceTree = "<group>"; };
/* End PBXFileReference section */

/* Begin PBXFrameworksBuildPhase section */
		3CA04CCA20C176CB000D4FAD /* Frameworks */ = {
			isa = PBXFrameworksBuildPhase;
			buildActionMask = 2147483647;
			files = (
			);
			runOnlyForDeploymentPostprocessing = 0;
		};
		3CA04CE120C176CC000D4FAD /* Frameworks */ = {
			isa = PBXFrameworksBuildPhase;
			buildActionMask = 2147483647;
			files = (
			);
			runOnlyForDeploymentPostprocessing = 0;
		};
		3CA04CEC20C176CC000D4FAD /* Frameworks */ = {
			isa = PBXFrameworksBuildPhase;
			buildActionMask = 2147483647;
			files = (
			);
			runOnlyForDeploymentPostprocessing = 0;
		};
/* End PBXFrameworksBuildPhase section */

/* Begin PBXGroup section */
		3CA04CC420C176CB000D4FAD = {
			isa = PBXGroup;
			children = (
				3CA04CCF20C176CB000D4FAD /* werkstuk2 */,
				3CA04CE720C176CC000D4FAD /* werkstuk2Tests */,
				3CA04CF220C176CC000D4FAD /* werkstuk2UITests */,
				3CA04CCE20C176CB000D4FAD /* Products */,
			);
			sourceTree = "<group>";
		};
		3CA04CCE20C176CB000D4FAD /* Products */ = {
			isa = PBXGroup;
			children = (
				3CA04CCD20C176CB000D4FAD /* werkstuk2.app */,
				3CA04CE420C176CC000D4FAD /* werkstuk2Tests.xctest */,
				3CA04CEF20C176CC000D4FAD /* werkstuk2UITests.xctest */,
			);
			name = Products;
			sourceTree = "<group>";
		};
		3CA04CCF20C176CB000D4FAD /* werkstuk2 */ = {
			isa = PBXGroup;
			children = (
				3CA04CD020C176CB000D4FAD /* AppDelegate.swift */,
				3CA04CD220C176CB000D4FAD /* ViewController.swift */,
				3CA04CD420C176CB000D4FAD /* Main.storyboard */,
				3CA04CDA20C176CB000D4FAD /* Assets.xcassets */,
				3CA04CDC20C176CB000D4FAD /* LaunchScreen.storyboard */,
				3CA04CDF20C176CB000D4FAD /* Info.plist */,
				3CA04CD720C176CB000D4FAD /* werkstuk2.xcdatamodeld */,
				3C48C16820C1810E0032E988 /* VilloStop.swift */,
				3C48C16A20C1898A0032E988 /* Pin.swift */,
				3C0E737820C44EFE00CE9EB4 /* ViewControllerDetail.swift */,
			);
			path = werkstuk2;
			sourceTree = "<group>";
		};
		3CA04CE720C176CC000D4FAD /* werkstuk2Tests */ = {
			isa = PBXGroup;
			children = (
				3CA04CE820C176CC000D4FAD /* werkstuk2Tests.swift */,
				3CA04CEA20C176CC000D4FAD /* Info.plist */,
			);
			path = werkstuk2Tests;
			sourceTree = "<group>";
		};
		3CA04CF220C176CC000D4FAD /* werkstuk2UITests */ = {
			isa = PBXGroup;
			children = (
				3CA04CF320C176CC000D4FAD /* werkstuk2UITests.swift */,
				3CA04CF520C176CC000D4FAD /* Info.plist */,
			);
			path = werkstuk2UITests;
			sourceTree = "<group>";
		};
/* End PBXGroup section */

/* Begin PBXNativeTarget section */
		3CA04CCC20C176CB000D4FAD /* werkstuk2 */ = {
			isa = PBXNativeTarget;
			buildConfigurationList = 3CA04CF820C176CC000D4FAD /* Build configuration list for PBXNativeTarget "werkstuk2" */;
			buildPhases = (
				3CA04CC920C176CB000D4FAD /* Sources */,
				3CA04CCA20C176CB000D4FAD /* Frameworks */,
				3CA04CCB20C176CB000D4FAD /* Resources */,
			);
			buildRules = (
			);
			dependencies = (
			);
			name = werkstuk2;
			productName = werkstuk2;
			productReference = 3CA04CCD20C176CB000D4FAD /* werkstuk2.app */;
			productType = "com.apple.product-type.application";
		};
		3CA04CE320C176CC000D4FAD /* werkstuk2Tests */ = {
			isa = PBXNativeTarget;
			buildConfigurationList = 3CA04CFB20C176CC000D4FAD /* Build configuration list for PBXNativeTarget "werkstuk2Tests" */;
			buildPhases = (
				3CA04CE020C176CC000D4FAD /* Sources */,
				3CA04CE120C176CC000D4FAD /* Frameworks */,
				3CA04CE220C176CC000D4FAD /* Resources */,
			);
			buildRules = (
			);
			dependencies = (
				3CA04CE620C176CC000D4FAD /* PBXTargetDependency */,
			);
			name = werkstuk2Tests;
			productName = werkstuk2Tests;
			productReference = 3CA04CE420C176CC000D4FAD /* werkstuk2Tests.xctest */;
			productType = "com.apple.product-type.bundle.unit-test";
		};
		3CA04CEE20C176CC000D4FAD /* werkstuk2UITests */ = {
			isa = PBXNativeTarget;
			buildConfigurationList = 3CA04CFE20C176CC000D4FAD /* Build configuration list for PBXNativeTarget "werkstuk2UITests" */;
			buildPhases = (
				3CA04CEB20C176CC000D4FAD /* Sources */,
				3CA04CEC20C176CC000D4FAD /* Frameworks */,
				3CA04CED20C176CC000D4FAD /* Resources */,
			);
			buildRules = (
			);
			dependencies = (
				3CA04CF120C176CC000D4FAD /* PBXTargetDependency */,
			);
			name = werkstuk2UITests;
			productName = werkstuk2UITests;
			productReference = 3CA04CEF20C176CC000D4FAD /* werkstuk2UITests.xctest */;
			productType = "com.apple.product-type.bundle.ui-testing";
		};
/* End PBXNativeTarget section */

/* Begin PBXProject section */
		3CA04CC520C176CB000D4FAD /* Project object */ = {
			isa = PBXProject;
			attributes = {
				LastSwiftUpdateCheck = 0920;
				LastUpgradeCheck = 0920;
				ORGANIZATIONNAME = "KAVIANI Thomas (s)";
				TargetAttributes = {
					3CA04CCC20C176CB000D4FAD = {
						CreatedOnToolsVersion = 9.2;
						ProvisioningStyle = Automatic;
					};
					3CA04CE320C176CC000D4FAD = {
						CreatedOnToolsVersion = 9.2;
						ProvisioningStyle = Automatic;
						TestTargetID = 3CA04CCC20C176CB000D4FAD;
					};
					3CA04CEE20C176CC000D4FAD = {
						CreatedOnToolsVersion = 9.2;
						ProvisioningStyle = Automatic;
						TestTargetID = 3CA04CCC20C176CB000D4FAD;
					};
				};
			};
			buildConfigurationList = 3CA04CC820C176CB000D4FAD /* Build configuration list for PBXProject "werkstuk2" */;
			compatibilityVersion = "Xcode 8.0";
			developmentRegion = en;
			hasScannedForEncodings = 0;
			knownRegions = (
				en,
				Base,
			);
			mainGroup = 3CA04CC420C176CB000D4FAD;
			productRefGroup = 3CA04CCE20C176CB000D4FAD /* Products */;
			projectDirPath = "";
			projectRoot = "";
			targets = (
				3CA04CCC20C176CB000D4FAD /* werkstuk2 */,
				3CA04CE320C176CC000D4FAD /* werkstuk2Tests */,
				3CA04CEE20C176CC000D4FAD /* werkstuk2UITests */,
			);
		};
/* End PBXProject section */

/* Begin PBXResourcesBuildPhase section */
		3CA04CCB20C176CB000D4FAD /* Resources */ = {
			isa = PBXResourcesBuildPhase;
			buildActionMask = 2147483647;
			files = (
				3CA04CDE20C176CB000D4FAD /* LaunchScreen.storyboard in Resources */,
				3CA04CDB20C176CB000D4FAD /* Assets.xcassets in Resources */,
				3CA04CD620C176CB000D4FAD /* Main.storyboard in Resources */,
			);
			runOnlyForDeploymentPostprocessing = 0;
		};
		3CA04CE220C176CC000D4FAD /* Resources */ = {
			isa = PBXResourcesBuildPhase;
			buildActionMask = 2147483647;
			files = (
			);
			runOnlyForDeploymentPostprocessing = 0;
		};
		3CA04CED20C176CC000D4FAD /* Resources */ = {
			isa = PBXResourcesBuildPhase;
			buildActionMask = 2147483647;
			files = (
			);
			runOnlyForDeploymentPostprocessing = 0;
		};
/* End PBXResourcesBuildPhase section */

/* Begin PBXSourcesBuildPhase section */
		3CA04CC920C176CB000D4FAD /* Sources */ = {
			isa = PBXSourcesBuildPhase;
			buildActionMask = 2147483647;
			files = (
				3C48C16B20C1898A0032E988 /* Pin.swift in Sources */,
				3C0E737920C44EFE00CE9EB4 /* ViewControllerDetail.swift in Sources */,
				3CA04CD320C176CB000D4FAD /* ViewController.swift in Sources */,
				3CA04CD920C176CB000D4FAD /* werkstuk2.xcdatamodeld in Sources */,
				3C48C16920C1810E0032E988 /* VilloStop.swift in Sources */,
				3CA04CD120C176CB000D4FAD /* AppDelegate.swift in Sources */,
			);
			runOnlyForDeploymentPostprocessing = 0;
		};
		3CA04CE020C176CC000D4FAD /* Sources */ = {
			isa = PBXSourcesBuildPhase;
			buildActionMask = 2147483647;
			files = (
				3CA04CE920C176CC000D4FAD /* werkstuk2Tests.swift in Sources */,
			);
			runOnlyForDeploymentPostprocessing = 0;
		};
		3CA04CEB20C176CC000D4FAD /* Sources */ = {
			isa = PBXSourcesBuildPhase;
			buildActionMask = 2147483647;
			files = (
				3CA04CF420C176CC000D4FAD /* werkstuk2UITests.swift in Sources */,
			);
			runOnlyForDeploymentPostprocessing = 0;
		};
/* End PBXSourcesBuildPhase section */

/* Begin PBXTargetDependency section */
		3CA04CE620C176CC000D4FAD /* PBXTargetDependency */ = {
			isa = PBXTargetDependency;
			target = 3CA04CCC20C176CB000D4FAD /* werkstuk2 */;
			targetProxy = 3CA04CE520C176CC000D4FAD /* PBXContainerItemProxy */;
		};
		3CA04CF120C176CC000D4FAD /* PBXTargetDependency */ = {
			isa = PBXTargetDependency;
			target = 3CA04CCC20C176CB000D4FAD /* werkstuk2 */;
			targetProxy = 3CA04CF020C176CC000D4FAD /* PBXContainerItemProxy */;
		};
/* End PBXTargetDependency section */

/* Begin PBXVariantGroup section */
		3CA04CD420C176CB000D4FAD /* Main.storyboard */ = {
			isa = PBXVariantGroup;
			children = (
				3CA04CD520C176CB000D4FAD /* Base */,
			);
			name = Main.storyboard;
			sourceTree = "<group>";
		};
		3CA04CDC20C176CB000D4FAD /* LaunchScreen.storyboard */ = {
			isa = PBXVariantGroup;
			children = (
				3CA04CDD20C176CB000D4FAD /* Base */,
			);
			name = LaunchScreen.storyboard;
			sourceTree = "<group>";
		};
/* End PBXVariantGroup section */

/* Begin XCBuildConfiguration section */
		3CA04CF620C176CC000D4FAD /* Debug */ = {
			isa = XCBuildConfiguration;
			buildSettings = {
				ALWAYS_SEARCH_USER_PATHS = NO;
				CLANG_ANALYZER_NONNULL = YES;
				CLANG_ANALYZER_NUMBER_OBJECT_CONVERSION = YES_AGGRESSIVE;
				CLANG_CXX_LANGUAGE_STANDARD = "gnu++14";
				CLANG_CXX_LIBRARY = "libc++";
				CLANG_ENABLE_MODULES = YES;
				CLANG_ENABLE_OBJC_ARC = YES;
				CLANG_WARN_BLOCK_CAPTURE_AUTORELEASING = YES;
				CLANG_WARN_BOOL_CONVERSION = YES;
				CLANG_WARN_COMMA = YES;
				CLANG_WARN_CONSTANT_CONVERSION = YES;
				CLANG_WARN_DIRECT_OBJC_ISA_USAGE = YES_ERROR;
				CLANG_WARN_DOCUMENTATION_COMMENTS = YES;
				CLANG_WARN_EMPTY_BODY = YES;
				CLANG_WARN_ENUM_CONVERSION = YES;
				CLANG_WARN_INFINITE_RECURSION = YES;
				CLANG_WARN_INT_CONVERSION = YES;
				CLANG_WARN_NON_LITERAL_NULL_CONVERSION = YES;
				CLANG_WARN_OBJC_LITERAL_CONVERSION = YES;
				CLANG_WARN_OBJC_ROOT_CLASS = YES_ERROR;
				CLANG_WARN_RANGE_LOOP_ANALYSIS = YES;
				CLANG_WARN_STRICT_PROTOTYPES = YES;
				CLANG_WARN_SUSPICIOUS_MOVE = YES;
				CLANG_WARN_UNGUARDED_AVAILABILITY = YES_AGGRESSIVE;
				CLANG_WARN_UNREACHABLE_CODE = YES;
				CLANG_WARN__DUPLICATE_METHOD_MATCH = YES;
				CODE_SIGN_IDENTITY = "iPhone Developer";
				COPY_PHASE_STRIP = NO;
				DEBUG_INFORMATION_FORMAT = dwarf;
				ENABLE_STRICT_OBJC_MSGSEND = YES;
				ENABLE_TESTABILITY = YES;
				GCC_C_LANGUAGE_STANDARD = gnu11;
				GCC_DYNAMIC_NO_PIC = NO;
				GCC_NO_COMMON_BLOCKS = YES;
				GCC_OPTIMIZATION_LEVEL = 0;
				GCC_PREPROCESSOR_DEFINITIONS = (
					"DEBUG=1",
					"$(inherited)",
				);
				GCC_WARN_64_TO_32_BIT_CONVERSION = YES;
				GCC_WARN_ABOUT_RETURN_TYPE = YES_ERROR;
				GCC_WARN_UNDECLARED_SELECTOR = YES;
				GCC_WARN_UNINITIALIZED_AUTOS = YES_AGGRESSIVE;
				GCC_WARN_UNUSED_FUNCTION = YES;
				GCC_WARN_UNUSED_VARIABLE = YES;
				IPHONEOS_DEPLOYMENT_TARGET = 11.2;
				MTL_ENABLE_DEBUG_INFO = YES;
				ONLY_ACTIVE_ARCH = YES;
				SDKROOT = iphoneos;
				SWIFT_ACTIVE_COMPILATION_CONDITIONS = DEBUG;
				SWIFT_OPTIMIZATION_LEVEL = "-Onone";
			};
			name = Debug;
		};
		3CA04CF720C176CC000D4FAD /* Release */ = {
			isa = XCBuildConfiguration;
			buildSettings = {
				ALWAYS_SEARCH_USER_PATHS = NO;
				CLANG_ANALYZER_NONNULL = YES;
				CLANG_ANALYZER_NUMBER_OBJECT_CONVERSION = YES_AGGRESSIVE;
				CLANG_CXX_LANGUAGE_STANDARD = "gnu++14";
				CLANG_CXX_LIBRARY = "libc++";
				CLANG_ENABLE_MODULES = YES;
				CLANG_ENABLE_OBJC_ARC = YES;
				CLANG_WARN_BLOCK_CAPTURE_AUTORELEASING = YES;
				CLANG_WARN_BOOL_CONVERSION = YES;
				CLANG_WARN_COMMA = YES;
				CLANG_WARN_CONSTANT_CONVERSION = YES;
				CLANG_WARN_DIRECT_OBJC_ISA_USAGE = YES_ERROR;
				CLANG_WARN_DOCUMENTATION_COMMENTS = YES;
				CLANG_WARN_EMPTY_BODY = YES;
				CLANG_WARN_ENUM_CONVERSION = YES;
				CLANG_WARN_INFINITE_RECURSION = YES;
				CLANG_WARN_INT_CONVERSION = YES;
				CLANG_WARN_NON_LITERAL_NULL_CONVERSION = YES;
				CLANG_WARN_OBJC_LITERAL_CONVERSION = YES;
				CLANG_WARN_OBJC_ROOT_CLASS = YES_ERROR;
				CLANG_WARN_RANGE_LOOP_ANALYSIS = YES;
				CLANG_WARN_STRICT_PROTOTYPES = YES;
				CLANG_WARN_SUSPICIOUS_MOVE = YES;
				CLANG_WARN_UNGUARDED_AVAILABILITY = YES_AGGRESSIVE;
				CLANG_WARN_UNREACHABLE_CODE = YES;
				CLANG_WARN__DUPLICATE_METHOD_MATCH = YES;
				CODE_SIGN_IDENTITY = "iPhone Developer";
				COPY_PHASE_STRIP = NO;
				DEBUG_INFORMATION_FORMAT = "dwarf-with-dsym";
				ENABLE_NS_ASSERTIONS = NO;
				ENABLE_STRICT_OBJC_MSGSEND = YES;
				GCC_C_LANGUAGE_STANDARD = gnu11;
				GCC_NO_COMMON_BLOCKS = YES;
				GCC_WARN_64_TO_32_BIT_CONVERSION = YES;
				GCC_WARN_ABOUT_RETURN_TYPE = YES_ERROR;
				GCC_WARN_UNDECLARED_SELECTOR = YES;
				GCC_WARN_UNINITIALIZED_AUTOS = YES_AGGRESSIVE;
				GCC_WARN_UNUSED_FUNCTION = YES;
				GCC_WARN_UNUSED_VARIABLE = YES;
				IPHONEOS_DEPLOYMENT_TARGET = 11.2;
				MTL_ENABLE_DEBUG_INFO = NO;
				SDKROOT = iphoneos;
				SWIFT_OPTIMIZATION_LEVEL = "-Owholemodule";
				VALIDATE_PRODUCT = YES;
			};
			name = Release;
		};
		3CA04CF920C176CC000D4FAD /* Debug */ = {
			isa = XCBuildConfiguration;
			buildSettings = {
				ASSETCATALOG_COMPILER_APPICON_NAME = AppIcon;
				CODE_SIGN_STYLE = Automatic;
				INFOPLIST_FILE = werkstuk2/Info.plist;
				LD_RUNPATH_SEARCH_PATHS = "$(inherited) @executable_path/Frameworks";
				PRODUCT_BUNDLE_IDENTIFIER = EHB.werkstuk2;
				PRODUCT_NAME = "$(TARGET_NAME)";
				SWIFT_VERSION = 4.0;
				TARGETED_DEVICE_FAMILY = "1,2";
			};
			name = Debug;
		};
		3CA04CFA20C176CC000D4FAD /* Release */ = {
			isa = XCBuildConfiguration;
			buildSettings = {
				ASSETCATALOG_COMPILER_APPICON_NAME = AppIcon;
				CODE_SIGN_STYLE = Automatic;
				INFOPLIST_FILE = werkstuk2/Info.plist;
				LD_RUNPATH_SEARCH_PATHS = "$(inherited) @executable_path/Frameworks";
				PRODUCT_BUNDLE_IDENTIFIER = EHB.werkstuk2;
				PRODUCT_NAME = "$(TARGET_NAME)";
				SWIFT_VERSION = 4.0;
				TARGETED_DEVICE_FAMILY = "1,2";
			};
			name = Release;
		};
		3CA04CFC20C176CC000D4FAD /* Debug */ = {
			isa = XCBuildConfiguration;
			buildSettings = {
				ALWAYS_EMBED_SWIFT_STANDARD_LIBRARIES = YES;
				BUNDLE_LOADER = "$(TEST_HOST)";
				CODE_SIGN_STYLE = Automatic;
				INFOPLIST_FILE = werkstuk2Tests/Info.plist;
				LD_RUNPATH_SEARCH_PATHS = "$(inherited) @executable_path/Frameworks @loader_path/Frameworks";
				PRODUCT_BUNDLE_IDENTIFIER = EHB.werkstuk2Tests;
				PRODUCT_NAME = "$(TARGET_NAME)";
				SWIFT_VERSION = 4.0;
				TARGETED_DEVICE_FAMILY = "1,2";
				TEST_HOST = "$(BUILT_PRODUCTS_DIR)/werkstuk2.app/werkstuk2";
			};
			name = Debug;
		};
		3CA04CFD20C176CC000D4FAD /* Release */ = {
			isa = XCBuildConfiguration;
			buildSettings = {
				ALWAYS_EMBED_SWIFT_STANDARD_LIBRARIES = YES;
				BUNDLE_LOADER = "$(TEST_HOST)";
				CODE_SIGN_STYLE = Automatic;
				INFOPLIST_FILE = werkstuk2Tests/Info.plist;
				LD_RUNPATH_SEARCH_PATHS = "$(inherited) @executable_path/Frameworks @loader_path/Frameworks";
				PRODUCT_BUNDLE_IDENTIFIER = EHB.werkstuk2Tests;
				PRODUCT_NAME = "$(TARGET_NAME)";
				SWIFT_VERSION = 4.0;
				TARGETED_DEVICE_FAMILY = "1,2";
				TEST_HOST = "$(BUILT_PRODUCTS_DIR)/werkstuk2.app/werkstuk2";
			};
			name = Release;
		};
		3CA04CFF20C176CC000D4FAD /* Debug */ = {
			isa = XCBuildConfiguration;
			buildSettings = {
				ALWAYS_EMBED_SWIFT_STANDARD_LIBRARIES = YES;
				CODE_SIGN_STYLE = Automatic;
				INFOPLIST_FILE = werkstuk2UITests/Info.plist;
				LD_RUNPATH_SEARCH_PATHS = "$(inherited) @executable_path/Frameworks @loader_path/Frameworks";
				PRODUCT_BUNDLE_IDENTIFIER = EHB.werkstuk2UITests;
				PRODUCT_NAME = "$(TARGET_NAME)";
				SWIFT_VERSION = 4.0;
				TARGETED_DEVICE_FAMILY = "1,2";
				TEST_TARGET_NAME = werkstuk2;
			};
			name = Debug;
		};
		3CA04D0020C176CC000D4FAD /* Release */ = {
			isa = XCBuildConfiguration;
			buildSettings = {
				ALWAYS_EMBED_SWIFT_STANDARD_LIBRARIES = YES;
				CODE_SIGN_STYLE = Automatic;
				INFOPLIST_FILE = werkstuk2UITests/Info.plist;
				LD_RUNPATH_SEARCH_PATHS = "$(inherited) @executable_path/Frameworks @loader_path/Frameworks";
				PRODUCT_BUNDLE_IDENTIFIER = EHB.werkstuk2UITests;
				PRODUCT_NAME = "$(TARGET_NAME)";
				SWIFT_VERSION = 4.0;
				TARGETED_DEVICE_FAMILY = "1,2";
				TEST_TARGET_NAME = werkstuk2;
			};
			name = Release;
		};
/* End XCBuildConfiguration section */

/* Begin XCConfigurationList section */
		3CA04CC820C176CB000D4FAD /* Build configuration list for PBXProject "werkstuk2" */ = {
			isa = XCConfigurationList;
			buildConfigurations = (
				3CA04CF620C176CC000D4FAD /* Debug */,
				3CA04CF720C176CC000D4FAD /* Release */,
			);
			defaultConfigurationIsVisible = 0;
			defaultConfigurationName = Release;
		};
		3CA04CF820C176CC000D4FAD /* Build configuration list for PBXNativeTarget "werkstuk2" */ = {
			isa = XCConfigurationList;
			buildConfigurations = (
				3CA04CF920C176CC000D4FAD /* Debug */,
				3CA04CFA20C176CC000D4FAD /* Release */,
			);
			defaultConfigurationIsVisible = 0;
			defaultConfigurationName = Release;
		};
		3CA04CFB20C176CC000D4FAD /* Build configuration list for PBXNativeTarget "werkstuk2Tests" */ = {
			isa = XCConfigurationList;
			buildConfigurations = (
				3CA04CFC20C176CC000D4FAD /* Debug */,
				3CA04CFD20C176CC000D4FAD /* Release */,
			);
			defaultConfigurationIsVisible = 0;
			defaultConfigurationName = Release;
		};
		3CA04CFE20C176CC000D4FAD /* Build configuration list for PBXNativeTarget "werkstuk2UITests" */ = {
			isa = XCConfigurationList;
			buildConfigurations = (
				3CA04CFF20C176CC000D4FAD /* Debug */,
				3CA04D0020C176CC000D4FAD /* Release */,
			);
			defaultConfigurationIsVisible = 0;
			defaultConfigurationName = Release;
		};
/* End XCConfigurationList section */

/* Begin XCVersionGroup section */
		3CA04CD720C176CB000D4FAD /* werkstuk2.xcdatamodeld */ = {
			isa = XCVersionGroup;
			children = (
				3CA04CD820C176CB000D4FAD /* werkstuk2.xcdatamodel */,
			);
			currentVersion = 3CA04CD820C176CB000D4FAD /* werkstuk2.xcdatamodel */;
			path = werkstuk2.xcdatamodeld;
			sourceTree = "<group>";
			versionGroupType = wrapper.xcdatamodel;
		};
/* End XCVersionGroup section */
	};
	rootObject = 3CA04CC520C176CB000D4FAD /* Project object */;
}
